
Microsoft Visual Studio Solution File, Format Version 12.00
# Visual Studio Version 17
VisualStudioVersion = 17.4.33122.133
MinimumVisualStudioVersion = 10.0.40219.1
Project("{2150E333-8FDC-42A3-9474-1A3956D46DE8}") = "Frameworks And Drivers", "Frameworks And Drivers", "{54A70C41-A532-4042-9613-6F49BA7BD6F8}"
EndProject
Project("{2150E333-8FDC-42A3-9474-1A3956D46DE8}") = "UIs", "UIs", "{AD470C3C-3FA8-451F-A84E-F8537B876F56}"
EndProject
Project("{2150E333-8FDC-42A3-9474-1A3956D46DE8}") = "Application Business Rules", "Application Business Rules", "{C56A0992-6C50-4D0C-ADBA-760FA69D2F71}"
EndProject
Project("{2150E333-8FDC-42A3-9474-1A3956D46DE8}") = "Enterprise Business Rules", "Enterprise Business Rules", "{E0211004-1F8B-42FD-BA0E-BB3C107EE239}"
EndProject
Project("{2150E333-8FDC-42A3-9474-1A3956D46DE8}") = "Interface Adapters", "Interface Adapters", "{B3D1B1B9-E3BF-48C4-8F6C-B4A1E28F9F8A}"
EndProject
Project("{2150E333-8FDC-42A3-9474-1A3956D46DE8}") = "Controllers", "Controllers", "{EDDD73C6-88CC-4517-8597-CE2A374B5777}"
EndProject
Project("{2150E333-8FDC-42A3-9474-1A3956D46DE8}") = "Gateways", "Gateways", "{1EE5C847-3751-4853-8419-8227841C2703}"
EndProject
Project("{2150E333-8FDC-42A3-9474-1A3956D46DE8}") = "Presenters", "Presenters", "{E793A5BB-FD88-4157-BB16-A48BB287FD95}"
EndProject
Project("{2150E333-8FDC-42A3-9474-1A3956D46DE8}") = "Middlewares", "Middlewares", "{F1F29954-05EA-4C03-92AB-6983E5511D50}"
EndProject
Project("{9A19103F-16F7-4668-BE54-9A1E7A4F7556}") = "Recaudo.ConsultaRecaudo", "src\InterfaceAdapters\Middleware\Recaudo.ConsultaRecaudo\Recaudo.ConsultaRecaudo.csproj", "{CDEDCE1E-AC7A-445F-9C3A-96EBB6B64D10}"
EndProject
Project("{9A19103F-16F7-4668-BE54-9A1E7A4F7556}") = "Recaudo.Controllers", "src\InterfaceAdapters\Controllers\Recaudo.Controllers\Recaudo.Controllers.csproj", "{755E497A-04A8-4562-A205-F9A91B91EF39}"
EndProject
Project("{9A19103F-16F7-4668-BE54-9A1E7A4F7556}") = "Recaudo.Repository", "src\Recaudo.Repository\Recaudo.Repository.csproj", "{E3EE862B-93A3-4F31-9932-C885C894DBDE}"
EndProject
Project("{9A19103F-16F7-4668-BE54-9A1E7A4F7556}") = "Recaudo.Entities", "src\Recaudo.Entities\Recaudo.Entities.csproj", "{DDF49472-B7A4-4EBA-BB24-21075F6CB5B8}"
EndProject
Project("{9A19103F-16F7-4668-BE54-9A1E7A4F7556}") = "Recaudo.DTOs", "src\Recaudo.DTOs\Recaudo.DTOs.csproj", "{52F4B887-2352-4F49-8981-F2DA0D786882}"
EndProject
Project("{9A19103F-16F7-4668-BE54-9A1E7A4F7556}") = "Recaudo.UseCases", "src\Recaudo.UseCases\Recaudo.UseCases.csproj", "{01CCC550-E5CC-400C-8853-203FDDD60F2A}"
EndProject
Project("{9A19103F-16F7-4668-BE54-9A1E7A4F7556}") = "Recaudo.UseCasesPorts", "src\Recaudo.UseCasesPorts\Recaudo.UseCasesPorts.csproj", "{65C0E0FC-E7B9-4945-9A67-2AE87E0207F9}"
EndProject
Project("{9A19103F-16F7-4668-BE54-9A1E7A4F7556}") = "Recaudo.IoC", "src\Recaudo.IoC\Recaudo.IoC.csproj", "{A46555D8-B258-40A9-980F-25E03B05A82F}"
EndProject
Project("{9A19103F-16F7-4668-BE54-9A1E7A4F7556}") = "Recaudo.Presenters", "src\Recaudo.Presenters\Recaudo.Presenters.csproj", "{0BBC98C7-415A-4F8F-81DE-8512C9065741}"
EndProject
Project("{9A19103F-16F7-4668-BE54-9A1E7A4F7556}") = "Recaudo.WebAppAngular", "src\Recaudo.WebAppAngular\Recaudo.WebAppAngular.csproj", "{421282BC-4849-4328-A2D0-1013E09651FC}"
EndProject
Global
	GlobalSection(SolutionConfigurationPlatforms) = preSolution
		Debug|Any CPU = Debug|Any CPU
		Release|Any CPU = Release|Any CPU
	EndGlobalSection
	GlobalSection(ProjectConfigurationPlatforms) = postSolution
		{CDEDCE1E-AC7A-445F-9C3A-96EBB6B64D10}.Debug|Any CPU.ActiveCfg = Debug|Any CPU
		{CDEDCE1E-AC7A-445F-9C3A-96EBB6B64D10}.Debug|Any CPU.Build.0 = Debug|Any CPU
		{CDEDCE1E-AC7A-445F-9C3A-96EBB6B64D10}.Release|Any CPU.ActiveCfg = Release|Any CPU
		{CDEDCE1E-AC7A-445F-9C3A-96EBB6B64D10}.Release|Any CPU.Build.0 = Release|Any CPU
		{755E497A-04A8-4562-A205-F9A91B91EF39}.Debug|Any CPU.ActiveCfg = Debug|Any CPU
		{755E497A-04A8-4562-A205-F9A91B91EF39}.Debug|Any CPU.Build.0 = Debug|Any CPU
		{755E497A-04A8-4562-A205-F9A91B91EF39}.Release|Any CPU.ActiveCfg = Release|Any CPU
		{755E497A-04A8-4562-A205-F9A91B91EF39}.Release|Any CPU.Build.0 = Release|Any CPU
		{E3EE862B-93A3-4F31-9932-C885C894DBDE}.Debug|Any CPU.ActiveCfg = Debug|Any CPU
		{E3EE862B-93A3-4F31-9932-C885C894DBDE}.Debug|Any CPU.Build.0 = Debug|Any CPU
		{E3EE862B-93A3-4F31-9932-C885C894DBDE}.Release|Any CPU.ActiveCfg = Release|Any CPU
		{E3EE862B-93A3-4F31-9932-C885C894DBDE}.Release|Any CPU.Build.0 = Release|Any CPU
		{DDF49472-B7A4-4EBA-BB24-21075F6CB5B8}.Debug|Any CPU.ActiveCfg = Debug|Any CPU
		{DDF49472-B7A4-4EBA-BB24-21075F6CB5B8}.Debug|Any CPU.Build.0 = Debug|Any CPU
		{DDF49472-B7A4-4EBA-BB24-21075F6CB5B8}.Release|Any CPU.ActiveCfg = Release|Any CPU
		{DDF49472-B7A4-4EBA-BB24-21075F6CB5B8}.Release|Any CPU.Build.0 = Release|Any CPU
		{52F4B887-2352-4F49-8981-F2DA0D786882}.Debug|Any CPU.ActiveCfg = Debug|Any CPU
		{52F4B887-2352-4F49-8981-F2DA0D786882}.Debug|Any CPU.Build.0 = Debug|Any CPU
		{52F4B887-2352-4F49-8981-F2DA0D786882}.Release|Any CPU.ActiveCfg = Release|Any CPU
		{52F4B887-2352-4F49-8981-F2DA0D786882}.Release|Any CPU.Build.0 = Release|Any CPU
		{01CCC550-E5CC-400C-8853-203FDDD60F2A}.Debug|Any CPU.ActiveCfg = Debug|Any CPU
		{01CCC550-E5CC-400C-8853-203FDDD60F2A}.Debug|Any CPU.Build.0 = Debug|Any CPU
		{01CCC550-E5CC-400C-8853-203FDDD60F2A}.Release|Any CPU.ActiveCfg = Release|Any CPU
		{01CCC550-E5CC-400C-8853-203FDDD60F2A}.Release|Any CPU.Build.0 = Release|Any CPU
		{65C0E0FC-E7B9-4945-9A67-2AE87E0207F9}.Debug|Any CPU.ActiveCfg = Debug|Any CPU
		{65C0E0FC-E7B9-4945-9A67-2AE87E0207F9}.Debug|Any CPU.Build.0 = Debug|Any CPU
		{65C0E0FC-E7B9-4945-9A67-2AE87E0207F9}.Release|Any CPU.ActiveCfg = Release|Any CPU
		{65C0E0FC-E7B9-4945-9A67-2AE87E0207F9}.Release|Any CPU.Build.0 = Release|Any CPU
		{A46555D8-B258-40A9-980F-25E03B05A82F}.Debug|Any CPU.ActiveCfg = Debug|Any CPU
		{A46555D8-B258-40A9-980F-25E03B05A82F}.Debug|Any CPU.Build.0 = Debug|Any CPU
		{A46555D8-B258-40A9-980F-25E03B05A82F}.Release|Any CPU.ActiveCfg = Release|Any CPU
		{A46555D8-B258-40A9-980F-25E03B05A82F}.Release|Any CPU.Build.0 = Release|Any CPU
		{0BBC98C7-415A-4F8F-81DE-8512C9065741}.Debug|Any CPU.ActiveCfg = Debug|Any CPU
		{0BBC98C7-415A-4F8F-81DE-8512C9065741}.Debug|Any CPU.Build.0 = Debug|Any CPU
		{0BBC98C7-415A-4F8F-81DE-8512C9065741}.Release|Any CPU.ActiveCfg = Release|Any CPU
		{0BBC98C7-415A-4F8F-81DE-8512C9065741}.Release|Any CPU.Build.0 = Release|Any CPU
		{421282BC-4849-4328-A2D0-1013E09651FC}.Debug|Any CPU.ActiveCfg = Debug|Any CPU
		{421282BC-4849-4328-A2D0-1013E09651FC}.Debug|Any CPU.Build.0 = Debug|Any CPU
		{421282BC-4849-4328-A2D0-1013E09651FC}.Release|Any CPU.ActiveCfg = Release|Any CPU
		{421282BC-4849-4328-A2D0-1013E09651FC}.Release|Any CPU.Build.0 = Release|Any CPU
	EndGlobalSection
	GlobalSection(SolutionProperties) = preSolution
		HideSolutionNode = FALSE
	EndGlobalSection
	GlobalSection(NestedProjects) = preSolution
		{AD470C3C-3FA8-451F-A84E-F8537B876F56} = {54A70C41-A532-4042-9613-6F49BA7BD6F8}
		{EDDD73C6-88CC-4517-8597-CE2A374B5777} = {B3D1B1B9-E3BF-48C4-8F6C-B4A1E28F9F8A}
		{1EE5C847-3751-4853-8419-8227841C2703} = {B3D1B1B9-E3BF-48C4-8F6C-B4A1E28F9F8A}
		{E793A5BB-FD88-4157-BB16-A48BB287FD95} = {B3D1B1B9-E3BF-48C4-8F6C-B4A1E28F9F8A}
		{F1F29954-05EA-4C03-92AB-6983E5511D50} = {B3D1B1B9-E3BF-48C4-8F6C-B4A1E28F9F8A}
		{CDEDCE1E-AC7A-445F-9C3A-96EBB6B64D10} = {F1F29954-05EA-4C03-92AB-6983E5511D50}
		{755E497A-04A8-4562-A205-F9A91B91EF39} = {EDDD73C6-88CC-4517-8597-CE2A374B5777}
		{E3EE862B-93A3-4F31-9932-C885C894DBDE} = {1EE5C847-3751-4853-8419-8227841C2703}
		{DDF49472-B7A4-4EBA-BB24-21075F6CB5B8} = {E0211004-1F8B-42FD-BA0E-BB3C107EE239}
		{52F4B887-2352-4F49-8981-F2DA0D786882} = {C56A0992-6C50-4D0C-ADBA-760FA69D2F71}
		{01CCC550-E5CC-400C-8853-203FDDD60F2A} = {C56A0992-6C50-4D0C-ADBA-760FA69D2F71}
		{65C0E0FC-E7B9-4945-9A67-2AE87E0207F9} = {C56A0992-6C50-4D0C-ADBA-760FA69D2F71}
		{A46555D8-B258-40A9-980F-25E03B05A82F} = {1EE5C847-3751-4853-8419-8227841C2703}
		{0BBC98C7-415A-4F8F-81DE-8512C9065741} = {E793A5BB-FD88-4157-BB16-A48BB287FD95}
		{421282BC-4849-4328-A2D0-1013E09651FC} = {AD470C3C-3FA8-451F-A84E-F8537B876F56}
	EndGlobalSection
	GlobalSection(ExtensibilityGlobals) = postSolution
		SolutionGuid = {3606C373-1FDA-4C0B-ADA8-7A81AEF8B9CE}
	EndGlobalSection
EndGlobal
